
Microsoft Visual Studio Solution File, Format Version 12.00
Project("{FAE04EC0-301F-11D3-BF4B-00C04F79EFBC}") = "design-patterns-module-homework-13", "design-patterns-module-homework-13.csproj", "{3E5543BA-E465-4F6B-941C-B2D8DEFF5150}"
EndProject
Global
	GlobalSection(SolutionConfigurationPlatforms) = preSolution
		Debug|Any CPU = Debug|Any CPU
		Release|Any CPU = Release|Any CPU
	EndGlobalSection
	GlobalSection(ProjectConfigurationPlatforms) = postSolution
		{3E5543BA-E465-4F6B-941C-B2D8DEFF5150}.Debug|Any CPU.ActiveCfg = Debug|Any CPU
		{3E5543BA-E465-4F6B-941C-B2D8DEFF5150}.Debug|Any CPU.Build.0 = Debug|Any CPU
		{3E5543BA-E465-4F6B-941C-B2D8DEFF5150}.Release|Any CPU.ActiveCfg = Release|Any CPU
		{3E5543BA-E465-4F6B-941C-B2D8DEFF5150}.Release|Any CPU.Build.0 = Release|Any CPU
	EndGlobalSection
EndGlobal
